
Microsoft Visual Studio Solution File, Format Version 12.00
# Visual Studio 15
VisualStudioVersion = 15.0.28010.2048
MinimumVisualStudioVersion = 10.0.40219.1
Project("{FAE04EC0-301F-11D3-BF4B-00C04F79EFBC}") = "GitTest", "GitTest\GitTest.csproj", "{429FD006-5DD2-41F8-86D6-E5B4CE3277C4}"
EndProject
Global
	GlobalSection(SolutionConfigurationPlatforms) = preSolution
		Debug|Any CPU = Debug|Any CPU
		Release|Any CPU = Release|Any CPU
	EndGlobalSection
	GlobalSection(ProjectConfigurationPlatforms) = postSolution
		{429FD006-5DD2-41F8-86D6-E5B4CE3277C4}.Debug|Any CPU.ActiveCfg = Debug|Any CPU
		{429FD006-5DD2-41F8-86D6-E5B4CE3277C4}.Debug|Any CPU.Build.0 = Debug|Any CPU
		{429FD006-5DD2-41F8-86D6-E5B4CE3277C4}.Release|Any CPU.ActiveCfg = Release|Any CPU
		{429FD006-5DD2-41F8-86D6-E5B4CE3277C4}.Release|Any CPU.Build.0 = Release|Any CPU
	EndGlobalSection
	GlobalSection(SolutionProperties) = preSolution
		HideSolutionNode = FALSE
	EndGlobalSection
	GlobalSection(ExtensibilityGlobals) = postSolution
		SolutionGuid = {FFB85F5C-4868-4B2E-B29C-8A35BE57A318}
	EndGlobalSection
EndGlobal
